
Microsoft Visual Studio Solution File, Format Version 12.00
# Visual Studio Version 17
VisualStudioVersion = 17.8.34316.72
MinimumVisualStudioVersion = 10.0.40219.1
Project("{2150E333-8FDC-42A3-9474-1A3956D46DE8}") = "Solution Items", "Solution Items", "{50634DEA-C873-43DA-A57E-39950972B358}"
	ProjectSection(SolutionItems) = preProject
		.editorconfig = .editorconfig
		Directory.Build.props = Directory.Build.props
		Directory.Packages.props = Directory.Packages.props
		global.json = global.json
		README.md = README.md
	EndProjectSection
EndProject
Project("{2150E333-8FDC-42A3-9474-1A3956D46DE8}") = "src", "src", "{75BB7F6A-BA0C-45A2-9E58-A69C5C47E2E8}"
EndProject
Project("{9A19103F-16F7-4668-BE54-9A1E7A4F7556}") = "Common.Application", "src\Common.Application\Common.Application.csproj", "{B16561DF-18EB-4481-A9F1-5A00C7FFE5D7}"
EndProject
Project("{9A19103F-16F7-4668-BE54-9A1E7A4F7556}") = "Common.Domain", "src\Common.Domain\Common.Domain.csproj", "{ECF93F1C-7D90-482E-89B3-72208E09E0A7}"
EndProject
Project("{9A19103F-16F7-4668-BE54-9A1E7A4F7556}") = "Common.Infrastructure", "src\Common.Infrastructure\Common.Infrastructure.csproj", "{26906F94-DA9B-4607-9114-E293F1F2A084}"
EndProject
Project("{9A19103F-16F7-4668-BE54-9A1E7A4F7556}") = "Common.Web", "src\Common.Web\Common.Web.csproj", "{5E30212B-0FDA-41DD-B3C7-7068B0683DDB}"
EndProject
Global
	GlobalSection(SolutionConfigurationPlatforms) = preSolution
		Debug|Any CPU = Debug|Any CPU
		Release|Any CPU = Release|Any CPU
	EndGlobalSection
	GlobalSection(ProjectConfigurationPlatforms) = postSolution
		{B16561DF-18EB-4481-A9F1-5A00C7FFE5D7}.Debug|Any CPU.ActiveCfg = Debug|Any CPU
		{B16561DF-18EB-4481-A9F1-5A00C7FFE5D7}.Debug|Any CPU.Build.0 = Debug|Any CPU
		{B16561DF-18EB-4481-A9F1-5A00C7FFE5D7}.Release|Any CPU.ActiveCfg = Release|Any CPU
		{B16561DF-18EB-4481-A9F1-5A00C7FFE5D7}.Release|Any CPU.Build.0 = Release|Any CPU
		{ECF93F1C-7D90-482E-89B3-72208E09E0A7}.Debug|Any CPU.ActiveCfg = Debug|Any CPU
		{ECF93F1C-7D90-482E-89B3-72208E09E0A7}.Debug|Any CPU.Build.0 = Debug|Any CPU
		{ECF93F1C-7D90-482E-89B3-72208E09E0A7}.Release|Any CPU.ActiveCfg = Release|Any CPU
		{ECF93F1C-7D90-482E-89B3-72208E09E0A7}.Release|Any CPU.Build.0 = Release|Any CPU
		{26906F94-DA9B-4607-9114-E293F1F2A084}.Debug|Any CPU.ActiveCfg = Debug|Any CPU
		{26906F94-DA9B-4607-9114-E293F1F2A084}.Debug|Any CPU.Build.0 = Debug|Any CPU
		{26906F94-DA9B-4607-9114-E293F1F2A084}.Release|Any CPU.ActiveCfg = Release|Any CPU
		{26906F94-DA9B-4607-9114-E293F1F2A084}.Release|Any CPU.Build.0 = Release|Any CPU
		{5E30212B-0FDA-41DD-B3C7-7068B0683DDB}.Debug|Any CPU.ActiveCfg = Debug|Any CPU
		{5E30212B-0FDA-41DD-B3C7-7068B0683DDB}.Debug|Any CPU.Build.0 = Debug|Any CPU
		{5E30212B-0FDA-41DD-B3C7-7068B0683DDB}.Release|Any CPU.ActiveCfg = Release|Any CPU
		{5E30212B-0FDA-41DD-B3C7-7068B0683DDB}.Release|Any CPU.Build.0 = Release|Any CPU
	EndGlobalSection
	GlobalSection(SolutionProperties) = preSolution
		HideSolutionNode = FALSE
	EndGlobalSection
	GlobalSection(NestedProjects) = preSolution
		{B16561DF-18EB-4481-A9F1-5A00C7FFE5D7} = {75BB7F6A-BA0C-45A2-9E58-A69C5C47E2E8}
		{ECF93F1C-7D90-482E-89B3-72208E09E0A7} = {75BB7F6A-BA0C-45A2-9E58-A69C5C47E2E8}
		{26906F94-DA9B-4607-9114-E293F1F2A084} = {75BB7F6A-BA0C-45A2-9E58-A69C5C47E2E8}
		{5E30212B-0FDA-41DD-B3C7-7068B0683DDB} = {75BB7F6A-BA0C-45A2-9E58-A69C5C47E2E8}
	EndGlobalSection
	GlobalSection(ExtensibilityGlobals) = postSolution
		SolutionGuid = {2CBE3DE3-82E8-43B9-86E9-CEA60AD8564B}
	EndGlobalSection
EndGlobal
